# This file was autogenerated by uv via the following command:
#    uv pip compile requirements.txt --python /home/leamsigc/miniconda3/envs/shortsgenerator/bin/python -o requirements.lock
accelerate==1.12.0
    # via qwen-tts
aiohappyeyeballs==2.7.1
    # via aiohttp
aiohttp==3.14.3
    # via g4f
aiosignal==1.4.0
    # via aiohttp
annotated-doc==0.0.5
    # via
    #   fastapi
    #   typer
annotated-types==0.8.0
    # via pydantic
anyio==4.15.1
    # via
    #   google-genai
    #   gradio
    #   httpx
    #   httpx2
    #   mcp
    #   openai
    #   sse-starlette
    #   starlette
assemblyai==1.3.0
    # via -r requirements.txt
attrs==26.1.0
    # via
    #   aiohttp
    #   jsonschema
    #   outcome
    #   referencing
    #   trio
audioread==3.1.0
    # via librosa
av==18.1.0
    # via faster-whisper
blinker==1.9.0
    # via flask
brotli==1.2.0
    # via
    #   -r requirements.txt
    #   g4f
    #   gradio
browser-cookie3==0.20.1
    # via -r requirements.txt
certifi==2026.7.22
    # via
    #   curl-cffi
    #   httpcore
    #   httpx
    #   requests
    #   selenium
cffi==2.1.1
    # via
    #   cryptography
    #   curl-cffi
    #   soundfile
charset-normalizer==3.5.1
    # via requests
click==8.5.0
    # via
    #   flask
    #   uvicorn
cloudpickle==3.1.2
    # via joblib
coloredlogs==15.0.1
    # via onnxruntime
cryptography==50.0.1
    # via
    #   google-auth
    #   pyjwt
ctranslate2==4.8.2
    # via faster-whisper
cuda-bindings==13.4.3
    # via torch
cuda-pathfinder==1.8.2
    # via cuda-bindings
cuda-toolkit==13.0.3.0
    # via torch
curl-cffi==0.16.3
    # via -r requirements.txt
decorator==4.4.2
    # via
    #   librosa
    #   moviepy
distro==1.9.0
    # via google-genai
einops==0.8.2
    # via qwen-tts
fastapi==0.141.1
    # via gradio
faster-whisper==1.2.1
    # via -r requirements.txt
filelock==4.0.6
    # via
    #   huggingface-hub
    #   torch
    #   transformers
flask==3.1.3
    # via
    #   -r requirements.txt
    #   flask-cors
flask-cors==6.0.5
    # via -r requirements.txt
flatbuffers==25.12.19
    # via onnxruntime
frozenlist==1.8.0
    # via
    #   aiohttp
    #   aiosignal
fsspec==2026.9.0
    # via
    #   gradio-client
    #   huggingface-hub
    #   torch
g4f==8.5.8
    # via -r requirements.txt
google-api-core==2.39.0
    # via google-api-python-client
google-api-python-client==2.200.0
    # via -r requirements.txt
google-auth==2.59.0
    # via
    #   google-api-core
    #   google-api-python-client
    #   google-auth-httplib2
    #   google-genai
google-auth-httplib2==0.4.2
    # via google-api-python-client
google-genai==2.25.0
    # via -r requirements.txt
googleapis-common-protos==1.75.4
    # via google-api-core
gradio==6.17.3
    # via qwen-tts
gradio-client==2.5.0
    # via
    #   gradio
    #   hf-gradio
groovy==0.1.2
    # via gradio
h11==0.16.0
    # via
    #   httpcore
    #   httpcore2
    #   uvicorn
    #   wsproto
hf-gradio==0.4.1
    # via gradio
hf-xet==1.6.0
    # via huggingface-hub
httpcore==1.0.9
    # via httpx
httpcore2==2.13.1
    # via httpx2
httplib2==0.32.0
    # via
    #   google-api-python-client
    #   google-auth-httplib2
    #   oauth2client
httpx==0.28.1
    # via
    #   assemblyai
    #   google-genai
    #   gradio
    #   gradio-client
    #   safehttpx
httpx2==2.13.1
    # via
    #   mcp
    #   openai
huggingface-hub==0.36.2
    # via
    #   -r requirements.txt
    #   accelerate
    #   faster-whisper
    #   gradio
    #   gradio-client
    #   supertonic
    #   tokenizers
    #   transformers
humanfriendly==10.0
    # via coloredlogs
idna==3.20
    # via
    #   anyio
    #   httpx
    #   httpx2
    #   requests
    #   trio
    #   yarl
imageio==2.38.0
    # via moviepy
imageio-ffmpeg==0.6.0
    # via moviepy
itsdangerous==2.2.0
    # via flask
jeepney==0.9.0
    # via browser-cookie3
jinja2==3.1.6
    # via
    #   flask
    #   gradio
    #   torch
jiter==0.17.0
    # via openai
joblib==1.6.0
    # via
    #   librosa
    #   scikit-learn
jsonschema==4.26.0
    # via mcp
jsonschema-specifications==2025.9.1
    # via jsonschema
lazy-loader==0.6
    # via librosa
librosa==0.11.0
    # via qwen-tts
llvmlite==0.49.0
    # via numba
lz4==4.4.5
    # via browser-cookie3
markdown-it-py==4.2.0
    # via rich
markupsafe==3.0.3
    # via
    #   flask
    #   gradio
    #   jinja2
    #   werkzeug
mcp==2.2.0
    # via -r requirements.txt
mcp-types==2.2.0
    # via mcp
mdurl==0.1.2
    # via markdown-it-py
moviepy==1.0.3
    # via -r requirements.txt
mpmath==1.3.0
    # via sympy
msgpack==1.2.3
    # via librosa
multidict==6.9.1
    # via
    #   aiohttp
    #   yarl
narwhals==2.26.0
    # via scikit-learn
nest-asyncio2==1.7.3
    # via g4f
networkx==3.6.1
    # via torch
numba==0.67.0
    # via librosa
numpy==2.2.6
    # via
    #   -r requirements.txt
    #   accelerate
    #   ctranslate2
    #   gradio
    #   imageio
    #   librosa
    #   moviepy
    #   numba
    #   onnxruntime
    #   opencv-python
    #   pandas
    #   scikit-learn
    #   scipy
    #   soundfile
    #   sox
    #   soxr
    #   supertonic
    #   transformers
nvidia-cublas==13.1.1.3
    # via
    #   cuda-toolkit
    #   nvidia-cudnn-cu13
    #   nvidia-cusolver
nvidia-cuda-cupti==13.0.85
    # via cuda-toolkit
nvidia-cuda-nvrtc==13.0.88
    # via
    #   cuda-toolkit
    #   nvidia-cublas
nvidia-cuda-runtime==13.0.96
    # via cuda-toolkit
nvidia-cudnn-cu13==9.24.0.43
    # via torch
nvidia-cufft==12.0.0.61
    # via cuda-toolkit
nvidia-cufile==1.15.1.6
    # via cuda-toolkit
nvidia-curand==10.4.0.35
    # via cuda-toolkit
nvidia-cusolver==12.0.4.66
    # via cuda-toolkit
nvidia-cusparse==12.6.3.3
    # via
    #   cuda-toolkit
    #   nvidia-cusolver
nvidia-cusparselt-cu13==0.8.1
    # via torch
nvidia-nccl-cu13==2.30.7
    # via torch
nvidia-nvjitlink==13.4.92
    # via
    #   cuda-toolkit
    #   nvidia-cufft
    #   nvidia-cusolver
    #   nvidia-cusparse
nvidia-nvshmem-cu13==3.4.5
    # via torch
nvidia-nvtx==13.0.85
    # via cuda-toolkit
oauth2client==4.1.3
    # via -r requirements.txt
onnxruntime==1.23.2
    # via
    #   -r requirements.txt
    #   faster-whisper
    #   qwen-tts
    #   supertonic
openai==3.8.0
    # via -r requirements.txt
opencv-python==5.0.0.93
    # via -r requirements.txt
opentelemetry-api==1.45.0
    # via
    #   google-api-core
    #   mcp
orjson==3.12.0
    # via gradio
outcome==1.3.0.post0
    # via
    #   trio
    #   trio-websocket
packaging==26.3
    # via
    #   accelerate
    #   gradio
    #   gradio-client
    #   huggingface-hub
    #   lazy-loader
    #   onnxruntime
    #   pooch
    #   transformers
    #   wheel
pandas==3.0.6
    # via gradio
pillow==12.3.0
    # via
    #   -r requirements.txt
    #   gradio
    #   imageio
platformdirs==4.11.7
    # via
    #   -r requirements.txt
    #   pooch
pooch==1.9.0
    # via librosa
proglog==0.1.12
    # via moviepy
propcache==0.5.4
    # via
    #   aiohttp
    #   yarl
proto-plus==1.28.4
    # via google-api-core
protobuf==7.36.2
    # via
    #   google-api-core
    #   googleapis-common-protos
    #   onnxruntime
    #   proto-plus
psutil==7.2.2
    # via accelerate
pyasn1==0.6.4
    # via
    #   oauth2client
    #   pyasn1-modules
    #   rsa
pyasn1-modules==0.4.2
    # via
    #   google-auth
    #   oauth2client
pycparser==3.0
    # via cffi
pycryptodome==3.23.0
    # via g4f
pycryptodomex==3.23.0
    # via browser-cookie3
pydantic==2.13.5
    # via
    #   assemblyai
    #   fastapi
    #   google-genai
    #   gradio
    #   mcp
    #   mcp-types
    #   openai
pydantic-core==2.46.5
    # via pydantic
pydub==0.25.1
    # via gradio
pygments==2.21.0
    # via rich
pyjwt==2.15.1
    # via mcp
pyparsing==3.3.3
    # via httplib2
pysocks==1.7.1
    # via urllib3
python-dateutil==2.9.0.post0
    # via pandas
python-dotenv==1.2.3
    # via -r requirements.txt
python-multipart==0.0.32
    # via
    #   gradio
    #   mcp
pytz==2026.4
    # via gradio
pyyaml==6.0.3
    # via
    #   accelerate
    #   ctranslate2
    #   gradio
    #   huggingface-hub
    #   transformers
qwen-tts==0.1.1
    # via -r requirements.txt
referencing==0.37.0
    # via
    #   jsonschema
    #   jsonschema-specifications
regex==2026.9.29
    # via transformers
requests==2.34.2
    # via
    #   -r requirements.txt
    #   g4f
    #   google-api-core
    #   google-auth
    #   google-genai
    #   huggingface-hub
    #   moviepy
    #   pooch
    #   transformers
    #   undetected-chromedriver
rich==15.0.0
    # via typer
rpds-py==2026.6.3
    # via
    #   jsonschema
    #   referencing
rsa==4.9.1
    # via oauth2client
safehttpx==0.1.7
    # via gradio
safetensors==0.8.0
    # via
    #   -r requirements.txt
    #   accelerate
    #   transformers
scikit-learn==1.9.1
    # via librosa
scipy==1.17.1
    # via
    #   librosa
    #   scikit-learn
selenium==4.49.0
    # via undetected-chromedriver
semantic-version==2.10.0
    # via gradio
setuptools==84.0.0
    # via
    #   -r requirements.txt
    #   torch
shellingham==1.5.4
    # via typer
six==1.17.0
    # via
    #   oauth2client
    #   python-dateutil
sniffio==1.3.1
    # via
    #   google-genai
    #   openai
    #   trio
sortedcontainers==2.4.0
    # via trio
soundfile==0.14.0
    # via
    #   -r requirements.txt
    #   librosa
    #   qwen-tts
    #   supertonic
sox==1.5.0
    # via qwen-tts
soxr==1.1.0
    # via librosa
srt==3.5.3
    # via srt-equalizer
srt-equalizer==0.1.12
    # via -r requirements.txt
sse-starlette==3.5.0
    # via mcp
starlette==1.7.0
    # via
    #   fastapi
    #   gradio
    #   mcp
    #   sse-starlette
supertonic==1.3.1
    # via -r requirements.txt
sympy==1.14.0
    # via
    #   onnxruntime
    #   torch
tenacity==9.1.4
    # via google-genai
termcolor==3.3.0
    # via -r requirements.txt
threadpoolctl==3.7.0
    # via scikit-learn
tokenizers==0.22.2
    # via
    #   faster-whisper
    #   transformers
tomlkit==0.14.0
    # via gradio
torch==2.14.0
    # via
    #   -r requirements.txt
    #   accelerate
torchaudio==2.11.0
    # via qwen-tts
tqdm==4.70.1
    # via
    #   faster-whisper
    #   huggingface-hub
    #   moviepy
    #   proglog
    #   transformers
transformers==4.57.3
    # via
    #   -r requirements.txt
    #   qwen-tts
trio==0.34.0
    # via
    #   selenium
    #   trio-websocket
trio-websocket==0.12.2
    # via selenium
triton==3.8.0
    # via torch
truststore==0.10.4
    # via
    #   httpcore2
    #   httpx2
typer==0.27.2
    # via
    #   gradio
    #   hf-gradio
typing-extensions==4.16.0
    # via
    #   aiohttp
    #   aiosignal
    #   anyio
    #   assemblyai
    #   fastapi
    #   google-genai
    #   gradio
    #   gradio-client
    #   httpx2
    #   huggingface-hub
    #   librosa
    #   mcp
    #   mcp-types
    #   openai
    #   opentelemetry-api
    #   pydantic
    #   pydantic-core
    #   referencing
    #   selenium
    #   soundfile
    #   sox
    #   starlette
    #   torch
    #   typing-inspection
typing-inspection==0.4.4
    # via
    #   fastapi
    #   mcp
    #   pydantic
undetected-chromedriver==3.5.5
    # via -r requirements.txt
uritemplate==4.2.0
    # via google-api-python-client
urllib3==2.8.0
    # via
    #   requests
    #   selenium
uvicorn==0.54.0
    # via
    #   gradio
    #   mcp
websocket-client==1.9.2
    # via selenium
websockets==16.1.1
    # via
    #   assemblyai
    #   google-genai
    #   undetected-chromedriver
werkzeug==3.1.9
    # via
    #   flask
    #   flask-cors
wheel==0.48.0
    # via -r requirements.txt
wsproto==1.3.2
    # via trio-websocket
yarl==1.25.1
    # via aiohttp
yt-dlp==2026.8.19
    # via -r requirements.txt
